{
  "requires": true,
  "lockfileVersion": 1,
  "dependencies": {
    "@paypal/paypal-js": {
      "version": "5.0.6",
      "resolved": "https://registry.npmjs.org/@paypal/paypal-js/-/paypal-js-5.0.6.tgz",
      "integrity": "sha512-q40h/Rc2Dus5p7Ctgq8EQyyqWGVCdfaezi4D5eWSIl2+p0FHL1mBA4XnXYgv9FPYejrVUmnIATdbqBdEYwasYg==",
      "requires": {
        "promise-polyfill": "^8.2.3"
      }
    },
    "@paypal/react-paypal-js": {
      "version": "7.8.0",
      "resolved": "https://registry.npmjs.org/@paypal/react-paypal-js/-/react-paypal-js-7.8.0.tgz",
      "integrity": "sha512-4WEhrqi5KP3c/kSaY6cAbEbsQo2zCJFbLZYwU+OqCyD258IZn0xNyLBuVAY5snrnvafgdyir7+5DY3rp8ezAKA==",
      "requires": {
        "@paypal/paypal-js": "^5.0.6",
        "@paypal/sdk-constants": "^1.0.116"
      }
    },
    "@paypal/sdk-constants": {
      "version": "1.0.122",
      "resolved": "https://registry.npmjs.org/@paypal/sdk-constants/-/sdk-constants-1.0.122.tgz",
      "integrity": "sha512-bxML2CX9acBGuigb5aCz1E8wcxtRpuXuY2hvfQKAG9fB0zG9d8nEcRiSYavbx4n2UM5TqwEcFo/roPD3aqykOg==",
      "requires": {
        "hi-base32": "^0.5.0"
      }
    },
    "hi-base32": {
      "version": "0.5.1",
      "resolved": "https://registry.npmjs.org/hi-base32/-/hi-base32-0.5.1.tgz",
      "integrity": "sha512-EmBBpvdYh/4XxsnUybsPag6VikPYnN30td+vQk+GI3qpahVEG9+gTkG0aXVxTjBqQ5T6ijbWIu77O+C5WFWsnA=="
    },
    "promise-polyfill": {
      "version": "8.2.3",
      "resolved": "https://registry.npmjs.org/promise-polyfill/-/promise-polyfill-8.2.3.tgz",
      "integrity": "sha512-Og0+jCRQetV84U8wVjMNccfGCnMQ9mGs9Hv78QFe+pSDD3gWTpz0y+1QCuxy5d/vBFuZ3iwP2eycAkvqIMPmWg=="
    }
  }
}
